// !$*UTF8*$!
{
	archiveVersion = 1;
	classes = {
	};
	objectVersion = 77;
	objects = {

/* Begin PBXBuildFile section */
		73B9F9EB2E17747200AB78F9 /* WidgetKit.framework in Frameworks */ = {isa = PBXBuildFile; fileRef = 73B9F9EA2E17747200AB78F9 /* WidgetKit.framework */; };
		73B9F9ED2E17747200AB78F9 /* SwiftUI.framework in Frameworks */ = {isa = PBXBuildFile; fileRef = 73B9F9EC2E17747200AB78F9 /* SwiftUI.framework */; };
		73B9F9F82E17747500AB78F9 /* ScreenTimeWidgetExtensionExtension.appex in Embed Foundation Extensions */ = {isa = PBXBuildFile; fileRef = 73B9F9E82E17747200AB78F9 /* ScreenTimeWidgetExtensionExtension.appex */; settings = {ATTRIBUTES = (RemoveHeadersOnCopy, ); }; };
		73B9FA0F2E177ABD00AB78F9 /* ScreenTimeReportExtension.appex in Embed ExtensionKit Extensions */ = {isa = PBXBuildFile; fileRef = 73B9FA032E177ABD00AB78F9 /* ScreenTimeReportExtension.appex */; settings = {ATTRIBUTES = (RemoveHeadersOnCopy, ); }; };
/* End PBXBuildFile section */

/* Begin PBXContainerItemProxy section */
		73B9F9F62E17747500AB78F9 /* PBXContainerItemProxy */ = {
			isa = PBXContainerItemProxy;
			containerPortal = 73683C502E1744C600DB70E8 /* Project object */;
			proxyType = 1;
			remoteGlobalIDString = 73B9F9E72E17747200AB78F9;
			remoteInfo = ScreenTimeWidgetExtensionExtension;
		};
		73B9FA0D2E177ABD00AB78F9 /* PBXContainerItemProxy */ = {
			isa = PBXContainerItemProxy;
			containerPortal = 73683C502E1744C600DB70E8 /* Project object */;
			proxyType = 1;
			remoteGlobalIDString = 73B9FA022E177ABD00AB78F9;
			remoteInfo = ScreenTimeReportExtension;
		};
/* End PBXContainerItemProxy section */

/* Begin PBXCopyFilesBuildPhase section */
		73B9F9F92E17747500AB78F9 /* Embed Foundation Extensions */ = {
			isa = PBXCopyFilesBuildPhase;
			buildActionMask = 2147483647;
			dstPath = "";
			dstSubfolderSpec = 13;
			files = (
				73B9F9F82E17747500AB78F9 /* ScreenTimeWidgetExtensionExtension.appex in Embed Foundation Extensions */,
			);
			name = "Embed Foundation Extensions";
			runOnlyForDeploymentPostprocessing = 0;
		};
		73B9FA142E177ABD00AB78F9 /* Embed ExtensionKit Extensions */ = {
			isa = PBXCopyFilesBuildPhase;
			buildActionMask = 2147483647;
			dstPath = "$(EXTENSIONS_FOLDER_PATH)";
			dstSubfolderSpec = 16;
			files = (
				73B9FA0F2E177ABD00AB78F9 /* ScreenTimeReportExtension.appex in Embed ExtensionKit Extensions */,
			);
			name = "Embed ExtensionKit Extensions";
			runOnlyForDeploymentPostprocessing = 0;
		};
/* End PBXCopyFilesBuildPhase section */

/* Begin PBXFileReference section */
		73683C582E1744C600DB70E8 /* ScreenTimeWidget.app */ = {isa = PBXFileReference; explicitFileType = wrapper.application; includeInIndex = 0; path = ScreenTimeWidget.app; sourceTree = BUILT_PRODUCTS_DIR; };
		73B9F9E82E17747200AB78F9 /* ScreenTimeWidgetExtensionExtension.appex */ = {isa = PBXFileReference; explicitFileType = "wrapper.app-extension"; includeInIndex = 0; path = ScreenTimeWidgetExtensionExtension.appex; sourceTree = BUILT_PRODUCTS_DIR; };
		73B9F9EA2E17747200AB78F9 /* WidgetKit.framework */ = {isa = PBXFileReference; lastKnownFileType = wrapper.framework; name = WidgetKit.framework; path = System/Library/Frameworks/WidgetKit.framework; sourceTree = SDKROOT; };
		73B9F9EC2E17747200AB78F9 /* SwiftUI.framework */ = {isa = PBXFileReference; lastKnownFileType = wrapper.framework; name = SwiftUI.framework; path = System/Library/Frameworks/SwiftUI.framework; sourceTree = SDKROOT; };
		73B9F9FE2E17753C00AB78F9 /* ScreenTimeWidgetExtensionExtension.entitlements */ = {isa = PBXFileReference; lastKnownFileType = text.plist.entitlements; path = ScreenTimeWidgetExtensionExtension.entitlements; sourceTree = "<group>"; };
		73B9FA032E177ABD00AB78F9 /* ScreenTimeReportExtension.appex */ = {isa = PBXFileReference; explicitFileType = "wrapper.extensionkit-extension"; includeInIndex = 0; path = ScreenTimeReportExtension.appex; sourceTree = BUILT_PRODUCTS_DIR; };
/* End PBXFileReference section */

/* Begin PBXFileSystemSynchronizedBuildFileExceptionSet section */
		73B9F9FC2E17747500AB78F9 /* Exceptions for "ScreenTimeWidgetExtension" folder in "ScreenTimeWidgetExtensionExtension" target */ = {
			isa = PBXFileSystemSynchronizedBuildFileExceptionSet;
			membershipExceptions = (
				Info.plist,
			);
			target = 73B9F9E72E17747200AB78F9 /* ScreenTimeWidgetExtensionExtension */;
		};
		73B9FA102E177ABD00AB78F9 /* Exceptions for "ScreenTimeReportExtension" folder in "ScreenTimeReportExtension" target */ = {
			isa = PBXFileSystemSynchronizedBuildFileExceptionSet;
			membershipExceptions = (
				Info.plist,
			);
			target = 73B9FA022E177ABD00AB78F9 /* ScreenTimeReportExtension */;
		};
/* End PBXFileSystemSynchronizedBuildFileExceptionSet section */

/* Begin PBXFileSystemSynchronizedRootGroup section */
		73683C5A2E1744C600DB70E8 /* ScreenTimeWidget */ = {
			isa = PBXFileSystemSynchronizedRootGroup;
			path = ScreenTimeWidget;
			sourceTree = "<group>";
		};
		73B9F9EE2E17747200AB78F9 /* ScreenTimeWidgetExtension */ = {
			isa = PBXFileSystemSynchronizedRootGroup;
			exceptions = (
				73B9F9FC2E17747500AB78F9 /* Exceptions for "ScreenTimeWidgetExtension" folder in "ScreenTimeWidgetExtensionExtension" target */,
			);
			path = ScreenTimeWidgetExtension;
			sourceTree = "<group>";
		};
		73B9FA042E177ABD00AB78F9 /* ScreenTimeReportExtension */ = {
			isa = PBXFileSystemSynchronizedRootGroup;
			exceptions = (
				73B9FA102E177ABD00AB78F9 /* Exceptions for "ScreenTimeReportExtension" folder in "ScreenTimeReportExtension" target */,
			);
			path = ScreenTimeReportExtension;
			sourceTree = "<group>";
		};
/* End PBXFileSystemSynchronizedRootGroup section */

/* Begin PBXFrameworksBuildPhase section */
		73683C552E1744C600DB70E8 /* Frameworks */ = {
			isa = PBXFrameworksBuildPhase;
			buildActionMask = 2147483647;
			files = (
			);
			runOnlyForDeploymentPostprocessing = 0;
		};
		73B9F9E52E17747200AB78F9 /* Frameworks */ = {
			isa = PBXFrameworksBuildPhase;
			buildActionMask = 2147483647;
			files = (
				73B9F9ED2E17747200AB78F9 /* SwiftUI.framework in Frameworks */,
				73B9F9EB2E17747200AB78F9 /* WidgetKit.framework in Frameworks */,
			);
			runOnlyForDeploymentPostprocessing = 0;
		};
		73B9FA002E177ABD00AB78F9 /* Frameworks */ = {
			isa = PBXFrameworksBuildPhase;
			buildActionMask = 2147483647;
			files = (
			);
			runOnlyForDeploymentPostprocessing = 0;
		};
/* End PBXFrameworksBuildPhase section */

/* Begin PBXGroup section */
		73683C4F2E1744C600DB70E8 = {
			isa = PBXGroup;
			children = (
				73B9F9FE2E17753C00AB78F9 /* ScreenTimeWidgetExtensionExtension.entitlements */,
				73683C5A2E1744C600DB70E8 /* ScreenTimeWidget */,
				73B9F9EE2E17747200AB78F9 /* ScreenTimeWidgetExtension */,
				73B9FA042E177ABD00AB78F9 /* ScreenTimeReportExtension */,
				73B9F9E92E17747200AB78F9 /* Frameworks */,
				73683C592E1744C600DB70E8 /* Products */,
			);
			sourceTree = "<group>";
		};
		73683C592E1744C600DB70E8 /* Products */ = {
			isa = PBXGroup;
			children = (
				73683C582E1744C600DB70E8 /* ScreenTimeWidget.app */,
				73B9F9E82E17747200AB78F9 /* ScreenTimeWidgetExtensionExtension.appex */,
				73B9FA032E177ABD00AB78F9 /* ScreenTimeReportExtension.appex */,
			);
			name = Products;
			sourceTree = "<group>";
		};
		73B9F9E92E17747200AB78F9 /* Frameworks */ = {
			isa = PBXGroup;
			children = (
				73B9F9EA2E17747200AB78F9 /* WidgetKit.framework */,
				73B9F9EC2E17747200AB78F9 /* SwiftUI.framework */,
			);
			name = Frameworks;
			sourceTree = "<group>";
		};
/* End PBXGroup section */

/* Begin PBXNativeTarget section */
		73683C572E1744C600DB70E8 /* ScreenTimeWidget */ = {
			isa = PBXNativeTarget;
			buildConfigurationList = 73683C632E1744CA00DB70E8 /* Build configuration list for PBXNativeTarget "ScreenTimeWidget" */;
			buildPhases = (
				73683C542E1744C600DB70E8 /* Sources */,
				73683C552E1744C600DB70E8 /* Frameworks */,
				73683C562E1744C600DB70E8 /* Resources */,
				73B9F9F92E17747500AB78F9 /* Embed Foundation Extensions */,
				73B9FA142E177ABD00AB78F9 /* Embed ExtensionKit Extensions */,
			);
			buildRules = (
			);
			dependencies = (
				73B9F9F72E17747500AB78F9 /* PBXTargetDependency */,
				73B9FA0E2E177ABD00AB78F9 /* PBXTargetDependency */,
			);
			fileSystemSynchronizedGroups = (
				73683C5A2E1744C600DB70E8 /* ScreenTimeWidget */,
			);
			name = ScreenTimeWidget;
			packageProductDependencies = (
			);
			productName = ScreenTimeWidget;
			productReference = 73683C582E1744C600DB70E8 /* ScreenTimeWidget.app */;
			productType = "com.apple.product-type.application";
		};
		73B9F9E72E17747200AB78F9 /* ScreenTimeWidgetExtensionExtension */ = {
			isa = PBXNativeTarget;
			buildConfigurationList = 73B9F9FD2E17747500AB78F9 /* Build configuration list for PBXNativeTarget "ScreenTimeWidgetExtensionExtension" */;
			buildPhases = (
				73B9F9E42E17747200AB78F9 /* Sources */,
				73B9F9E52E17747200AB78F9 /* Frameworks */,
				73B9F9E62E17747200AB78F9 /* Resources */,
			);
			buildRules = (
			);
			dependencies = (
			);
			fileSystemSynchronizedGroups = (
				73B9F9EE2E17747200AB78F9 /* ScreenTimeWidgetExtension */,
			);
			name = ScreenTimeWidgetExtensionExtension;
			packageProductDependencies = (
			);
			productName = ScreenTimeWidgetExtensionExtension;
			productReference = 73B9F9E82E17747200AB78F9 /* ScreenTimeWidgetExtensionExtension.appex */;
			productType = "com.apple.product-type.app-extension";
		};
		73B9FA022E177ABD00AB78F9 /* ScreenTimeReportExtension */ = {
			isa = PBXNativeTarget;
			buildConfigurationList = 73B9FA112E177ABD00AB78F9 /* Build configuration list for PBXNativeTarget "ScreenTimeReportExtension" */;
			buildPhases = (
				73B9F9FF2E177ABD00AB78F9 /* Sources */,
				73B9FA002E177ABD00AB78F9 /* Frameworks */,
				73B9FA012E177ABD00AB78F9 /* Resources */,
			);
			buildRules = (
			);
			dependencies = (
			);
			fileSystemSynchronizedGroups = (
				73B9FA042E177ABD00AB78F9 /* ScreenTimeReportExtension */,
			);
			name = ScreenTimeReportExtension;
			packageProductDependencies = (
			);
			productName = ScreenTimeReportExtension;
			productReference = 73B9FA032E177ABD00AB78F9 /* ScreenTimeReportExtension.appex */;
			productType = "com.apple.product-type.extensionkit-extension";
		};
/* End PBXNativeTarget section */

/* Begin PBXProject section */
		73683C502E1744C600DB70E8 /* Project object */ = {
			isa = PBXProject;
			attributes = {
				BuildIndependentTargetsInParallel = 1;
				LastSwiftUpdateCheck = 1640;
				LastUpgradeCheck = 1640;
				TargetAttributes = {
					73683C572E1744C600DB70E8 = {
						CreatedOnToolsVersion = 16.4;
					};
					73B9F9E72E17747200AB78F9 = {
						CreatedOnToolsVersion = 16.4;
					};
					73B9FA022E177ABD00AB78F9 = {
						CreatedOnToolsVersion = 16.4;
					};
				};
			};
			buildConfigurationList = 73683C532E1744C600DB70E8 /* Build configuration list for PBXProject "ScreenTimeWidget" */;
			developmentRegion = en;
			hasScannedForEncodings = 0;
			knownRegions = (
				en,
				Base,
			);
			mainGroup = 73683C4F2E1744C600DB70E8;
			minimizedProjectReferenceProxies = 1;
			preferredProjectObjectVersion = 77;
			productRefGroup = 73683C592E1744C600DB70E8 /* Products */;
			projectDirPath = "";
			projectRoot = "";
			targets = (
				73683C572E1744C600DB70E8 /* ScreenTimeWidget */,
				73B9F9E72E17747200AB78F9 /* ScreenTimeWidgetExtensionExtension */,
				73B9FA022E177ABD00AB78F9 /* ScreenTimeReportExtension */,
			);
		};
/* End PBXProject section */

/* Begin PBXResourcesBuildPhase section */
		73683C562E1744C600DB70E8 /* Resources */ = {
			isa = PBXResourcesBuildPhase;
			buildActionMask = 2147483647;
			files = (
			);
			runOnlyForDeploymentPostprocessing = 0;
		};
		73B9F9E62E17747200AB78F9 /* Resources */ = {
			isa = PBXResourcesBuildPhase;
			buildActionMask = 2147483647;
			files = (
			);
			runOnlyForDeploymentPostprocessing = 0;
		};
		73B9FA012E177ABD00AB78F9 /* Resources */ = {
			isa = PBXResourcesBuildPhase;
			buildActionMask = 2147483647;
			files = (
			);
			runOnlyForDeploymentPostprocessing = 0;
		};
/* End PBXResourcesBuildPhase section */

/* Begin PBXSourcesBuildPhase section */
		73683C542E1744C600DB70E8 /* Sources */ = {
			isa = PBXSourcesBuildPhase;
			buildActionMask = 2147483647;
			files = (
			);
			runOnlyForDeploymentPostprocessing = 0;
		};
		73B9F9E42E17747200AB78F9 /* Sources */ = {
			isa = PBXSourcesBuildPhase;
			buildActionMask = 2147483647;
			files = (
			);
			runOnlyForDeploymentPostprocessing = 0;
		};
		73B9F9FF2E177ABD00AB78F9 /* Sources */ = {
			isa = PBXSourcesBuildPhase;
			buildActionMask = 2147483647;
			files = (
			);
			runOnlyForDeploymentPostprocessing = 0;
		};
/* End PBXSourcesBuildPhase section */

/* Begin PBXTargetDependency section */
		73B9F9F72E17747500AB78F9 /* PBXTargetDependency */ = {
			isa = PBXTargetDependency;
			target = 73B9F9E72E17747200AB78F9 /* ScreenTimeWidgetExtensionExtension */;
			targetProxy = 73B9F9F62E17747500AB78F9 /* PBXContainerItemProxy */;
		};
		73B9FA0E2E177ABD00AB78F9 /* PBXTargetDependency */ = {
			isa = PBXTargetDependency;
			target = 73B9FA022E177ABD00AB78F9 /* ScreenTimeReportExtension */;
			targetProxy = 73B9FA0D2E177ABD00AB78F9 /* PBXContainerItemProxy */;
		};
/* End PBXTargetDependency section */

/* Begin XCBuildConfiguration section */
		73683C612E1744CA00DB70E8 /* Debug */ = {
			isa = XCBuildConfiguration;
			buildSettings = {
				ALWAYS_SEARCH_USER_PATHS = NO;
				ASSETCATALOG_COMPILER_GENERATE_SWIFT_ASSET_SYMBOL_EXTENSIONS = YES;
				CLANG_ANALYZER_NONNULL = YES;
				CLANG_ANALYZER_NUMBER_OBJECT_CONVERSION = YES_AGGRESSIVE;
				CLANG_CXX_LANGUAGE_STANDARD = "gnu++20";
				CLANG_ENABLE_MODULES = YES;
				CLANG_ENABLE_OBJC_ARC = YES;
				CLANG_ENABLE_OBJC_WEAK = YES;
				CLANG_WARN_BLOCK_CAPTURE_AUTORELEASING = YES;
				CLANG_WARN_BOOL_CONVERSION = YES;
				CLANG_WARN_COMMA = YES;
				CLANG_WARN_CONSTANT_CONVERSION = YES;
				CLANG_WARN_DEPRECATED_OBJC_IMPLEMENTATIONS = YES;
				CLANG_WARN_DIRECT_OBJC_ISA_USAGE = YES_ERROR;
				CLANG_WARN_DOCUMENTATION_COMMENTS = YES;
				CLANG_WARN_EMPTY_BODY = YES;
				CLANG_WARN_ENUM_CONVERSION = YES;
				CLANG_WARN_INFINITE_RECURSION = YES;
				CLANG_WARN_INT_CONVERSION = YES;
				CLANG_WARN_NON_LITERAL_NULL_CONVERSION = YES;
				CLANG_WARN_OBJC_IMPLICIT_RETAIN_SELF = YES;
				CLANG_WARN_OBJC_LITERAL_CONVERSION = YES;
				CLANG_WARN_OBJC_ROOT_CLASS = YES_ERROR;
				CLANG_WARN_QUOTED_INCLUDE_IN_FRAMEWORK_HEADER = YES;
				CLANG_WARN_RANGE_LOOP_ANALYSIS = YES;
				CLANG_WARN_STRICT_PROTOTYPES = YES;
				CLANG_WARN_SUSPICIOUS_MOVE = YES;
				CLANG_WARN_UNGUARDED_AVAILABILITY = YES_AGGRESSIVE;
				CLANG_WARN_UNREACHABLE_CODE = YES;
				CLANG_WARN__DUPLICATE_METHOD_MATCH = YES;
				COPY_PHASE_STRIP = NO;
				DEBUG_INFORMATION_FORMAT = dwarf;
				DEVELOPMENT_TEAM = RRUH56VA84;
				ENABLE_STRICT_OBJC_MSGSEND = YES;
				ENABLE_TESTABILITY = YES;
				ENABLE_USER_SCRIPT_SANDBOXING = YES;
				GCC_C_LANGUAGE_STANDARD = gnu17;
				GCC_DYNAMIC_NO_PIC = NO;
				GCC_NO_COMMON_BLOCKS = YES;
				GCC_OPTIMIZATION_LEVEL = 0;
				GCC_PREPROCESSOR_DEFINITIONS = (
					"DEBUG=1",
					"$(inherited)",
				);
				GCC_WARN_64_TO_32_BIT_CONVERSION = YES;
				GCC_WARN_ABOUT_RETURN_TYPE = YES_ERROR;
				GCC_WARN_UNDECLARED_SELECTOR = YES;
				GCC_WARN_UNINITIALIZED_AUTOS = YES_AGGRESSIVE;
				GCC_WARN_UNUSED_FUNCTION = YES;
				GCC_WARN_UNUSED_VARIABLE = YES;
				IPHONEOS_DEPLOYMENT_TARGET = 18.5;
				LOCALIZATION_PREFERS_STRING_CATALOGS = YES;
				MTL_ENABLE_DEBUG_INFO = INCLUDE_SOURCE;
				MTL_FAST_MATH = YES;
				ONLY_ACTIVE_ARCH = YES;
				SDKROOT = iphoneos;
				SWIFT_ACTIVE_COMPILATION_CONDITIONS = "DEBUG $(inherited)";
				SWIFT_OPTIMIZATION_LEVEL = "-Onone";
			};
			name = Debug;
		};
		73683C622E1744CA00DB70E8 /* Release */ = {
			isa = XCBuildConfiguration;
			buildSettings = {
				ALWAYS_SEARCH_USER_PATHS = NO;
				ASSETCATALOG_COMPILER_GENERATE_SWIFT_ASSET_SYMBOL_EXTENSIONS = YES;
				CLANG_ANALYZER_NONNULL = YES;
				CLANG_ANALYZER_NUMBER_OBJECT_CONVERSION = YES_AGGRESSIVE;
				CLANG_CXX_LANGUAGE_STANDARD = "gnu++20";
				CLANG_ENABLE_MODULES = YES;
				CLANG_ENABLE_OBJC_ARC = YES;
				CLANG_ENABLE_OBJC_WEAK = YES;
				CLANG_WARN_BLOCK_CAPTURE_AUTORELEASING = YES;
				CLANG_WARN_BOOL_CONVERSION = YES;
				CLANG_WARN_COMMA = YES;
				CLANG_WARN_CONSTANT_CONVERSION = YES;
				CLANG_WARN_DEPRECATED_OBJC_IMPLEMENTATIONS = YES;
				CLANG_WARN_DIRECT_OBJC_ISA_USAGE = YES_ERROR;
				CLANG_WARN_DOCUMENTATION_COMMENTS = YES;
				CLANG_WARN_EMPTY_BODY = YES;
				CLANG_WARN_ENUM_CONVERSION = YES;
				CLANG_WARN_INFINITE_RECURSION = YES;
				CLANG_WARN_INT_CONVERSION = YES;
				CLANG_WARN_NON_LITERAL_NULL_CONVERSION = YES;
				CLANG_WARN_OBJC_IMPLICIT_RETAIN_SELF = YES;
				CLANG_WARN_OBJC_LITERAL_CONVERSION = YES;
				CLANG_WARN_OBJC_ROOT_CLASS = YES_ERROR;
				CLANG_WARN_QUOTED_INCLUDE_IN_FRAMEWORK_HEADER = YES;
				CLANG_WARN_RANGE_LOOP_ANALYSIS = YES;
				CLANG_WARN_STRICT_PROTOTYPES = YES;
				CLANG_WARN_SUSPICIOUS_MOVE = YES;
				CLANG_WARN_UNGUARDED_AVAILABILITY = YES_AGGRESSIVE;
				CLANG_WARN_UNREACHABLE_CODE = YES;
				CLANG_WARN__DUPLICATE_METHOD_MATCH = YES;
				COPY_PHASE_STRIP = NO;
				DEBUG_INFORMATION_FORMAT = "dwarf-with-dsym";
				DEVELOPMENT_TEAM = RRUH56VA84;
				ENABLE_NS_ASSERTIONS = NO;
				ENABLE_STRICT_OBJC_MSGSEND = YES;
				ENABLE_USER_SCRIPT_SANDBOXING = YES;
				GCC_C_LANGUAGE_STANDARD = gnu17;
				GCC_NO_COMMON_BLOCKS = YES;
				GCC_WARN_64_TO_32_BIT_CONVERSION = YES;
				GCC_WARN_ABOUT_RETURN_TYPE = YES_ERROR;
				GCC_WARN_UNDECLARED_SELECTOR = YES;
				GCC_WARN_UNINITIALIZED_AUTOS = YES_AGGRESSIVE;
				GCC_WARN_UNUSED_FUNCTION = YES;
				GCC_WARN_UNUSED_VARIABLE = YES;
				IPHONEOS_DEPLOYMENT_TARGET = 18.5;
				LOCALIZATION_PREFERS_STRING_CATALOGS = YES;
				MTL_ENABLE_DEBUG_INFO = NO;
				MTL_FAST_MATH = YES;
				SDKROOT = iphoneos;
				SWIFT_COMPILATION_MODE = wholemodule;
				VALIDATE_PRODUCT = YES;
			};
			name = Release;
		};
		73683C642E1744CA00DB70E8 /* Debug */ = {
			isa = XCBuildConfiguration;
			buildSettings = {
				ASSETCATALOG_COMPILER_APPICON_NAME = AppIcon;
				ASSETCATALOG_COMPILER_GLOBAL_ACCENT_COLOR_NAME = AccentColor;
				CODE_SIGN_ENTITLEMENTS = ScreenTimeWidget/ScreenTimeWidget.entitlements;
				CODE_SIGN_IDENTITY = "Apple Development";
				CODE_SIGN_STYLE = Automatic;
				CURRENT_PROJECT_VERSION = 1;
				DEVELOPMENT_TEAM = RRUH56VA84;
				ENABLE_PREVIEWS = YES;
				GENERATE_INFOPLIST_FILE = YES;
				INFOPLIST_KEY_UIApplicationSceneManifest_Generation = YES;
				INFOPLIST_KEY_UIApplicationSupportsIndirectInputEvents = YES;
				INFOPLIST_KEY_UILaunchScreen_Generation = YES;
				INFOPLIST_KEY_UISupportedInterfaceOrientations_iPad = "UIInterfaceOrientationPortrait UIInterfaceOrientationPortraitUpsideDown UIInterfaceOrientationLandscapeLeft UIInterfaceOrientationLandscapeRight";
				INFOPLIST_KEY_UISupportedInterfaceOrientations_iPhone = "UIInterfaceOrientationPortrait UIInterfaceOrientationLandscapeLeft UIInterfaceOrientationLandscapeRight";
				LD_RUNPATH_SEARCH_PATHS = (
					"$(inherited)",
					"@executable_path/Frameworks",
				);
				MARKETING_VERSION = 1.0;
				PRODUCT_BUNDLE_IDENTIFIER = com.azexpoglobe.ScreenTimeWidget;
				PRODUCT_NAME = "$(TARGET_NAME)";
				PROVISIONING_PROFILE_SPECIFIER = "";
				SWIFT_EMIT_LOC_STRINGS = YES;
				SWIFT_VERSION = 5.0;
				TARGETED_DEVICE_FAMILY = "1,2";
			};
			name = Debug;
		};
		73683C652E1744CA00DB70E8 /* Release */ = {
			isa = XCBuildConfiguration;
			buildSettings = {
				ASSETCATALOG_COMPILER_APPICON_NAME = AppIcon;
				ASSETCATALOG_COMPILER_GLOBAL_ACCENT_COLOR_NAME = AccentColor;
				CODE_SIGN_ENTITLEMENTS = ScreenTimeWidget/ScreenTimeWidget.entitlements;
				CODE_SIGN_IDENTITY = "Apple Development";
				CODE_SIGN_STYLE = Automatic;
				CURRENT_PROJECT_VERSION = 1;
				DEVELOPMENT_TEAM = RRUH56VA84;
				ENABLE_PREVIEWS = YES;
				GENERATE_INFOPLIST_FILE = YES;
				INFOPLIST_KEY_UIApplicationSceneManifest_Generation = YES;
				INFOPLIST_KEY_UIApplicationSupportsIndirectInputEvents = YES;
				INFOPLIST_KEY_UILaunchScreen_Generation = YES;
				INFOPLIST_KEY_UISupportedInterfaceOrientations_iPad = "UIInterfaceOrientationPortrait UIInterfaceOrientationPortraitUpsideDown UIInterfaceOrientationLandscapeLeft UIInterfaceOrientationLandscapeRight";
				INFOPLIST_KEY_UISupportedInterfaceOrientations_iPhone = "UIInterfaceOrientationPortrait UIInterfaceOrientationLandscapeLeft UIInterfaceOrientationLandscapeRight";
				LD_RUNPATH_SEARCH_PATHS = (
					"$(inherited)",
					"@executable_path/Frameworks",
				);
				MARKETING_VERSION = 1.0;
				PRODUCT_BUNDLE_IDENTIFIER = com.azexpoglobe.ScreenTimeWidget;
				PRODUCT_NAME = "$(TARGET_NAME)";
				PROVISIONING_PROFILE_SPECIFIER = "";
				SWIFT_EMIT_LOC_STRINGS = YES;
				SWIFT_VERSION = 5.0;
				TARGETED_DEVICE_FAMILY = "1,2";
			};
			name = Release;
		};
		73B9F9FA2E17747500AB78F9 /* Debug */ = {
			isa = XCBuildConfiguration;
			buildSettings = {
				ASSETCATALOG_COMPILER_GLOBAL_ACCENT_COLOR_NAME = AccentColor;
				ASSETCATALOG_COMPILER_WIDGET_BACKGROUND_COLOR_NAME = WidgetBackground;
				CODE_SIGN_ENTITLEMENTS = ScreenTimeWidgetExtensionExtension.entitlements;
				CODE_SIGN_IDENTITY = "Apple Development";
				CODE_SIGN_STYLE = Automatic;
				CURRENT_PROJECT_VERSION = 1;
				DEVELOPMENT_TEAM = RRUH56VA84;
				GENERATE_INFOPLIST_FILE = YES;
				INFOPLIST_FILE = ScreenTimeWidgetExtension/Info.plist;
				INFOPLIST_KEY_CFBundleDisplayName = ScreenTimeWidgetExtension;
				INFOPLIST_KEY_NSHumanReadableCopyright = "";
				LD_RUNPATH_SEARCH_PATHS = (
					"$(inherited)",
					"@executable_path/Frameworks",
					"@executable_path/../../Frameworks",
				);
				MARKETING_VERSION = 1.0;
				PRODUCT_BUNDLE_IDENTIFIER = com.azexpoglobe.ScreenTimeWidget.ScreenTimeWidgetExtension;
				PRODUCT_NAME = "$(TARGET_NAME)";
				SKIP_INSTALL = YES;
				SWIFT_EMIT_LOC_STRINGS = YES;
				SWIFT_VERSION = 5.0;
				TARGETED_DEVICE_FAMILY = "1,2";
			};
			name = Debug;
		};
		73B9F9FB2E17747500AB78F9 /* Release */ = {
			isa = XCBuildConfiguration;
			buildSettings = {
				ASSETCATALOG_COMPILER_GLOBAL_ACCENT_COLOR_NAME = AccentColor;
				ASSETCATALOG_COMPILER_WIDGET_BACKGROUND_COLOR_NAME = WidgetBackground;
				CODE_SIGN_ENTITLEMENTS = ScreenTimeWidgetExtensionExtension.entitlements;
				CODE_SIGN_IDENTITY = "Apple Development";
				CODE_SIGN_STYLE = Automatic;
				CURRENT_PROJECT_VERSION = 1;
				DEVELOPMENT_TEAM = RRUH56VA84;
				GENERATE_INFOPLIST_FILE = YES;
				INFOPLIST_FILE = ScreenTimeWidgetExtension/Info.plist;
				INFOPLIST_KEY_CFBundleDisplayName = ScreenTimeWidgetExtension;
				INFOPLIST_KEY_NSHumanReadableCopyright = "";
				LD_RUNPATH_SEARCH_PATHS = (
					"$(inherited)",
					"@executable_path/Frameworks",
					"@executable_path/../../Frameworks",
				);
				MARKETING_VERSION = 1.0;
				PRODUCT_BUNDLE_IDENTIFIER = com.azexpoglobe.ScreenTimeWidget.ScreenTimeWidgetExtension;
				PRODUCT_NAME = "$(TARGET_NAME)";
				SKIP_INSTALL = YES;
				SWIFT_EMIT_LOC_STRINGS = YES;
				SWIFT_VERSION = 5.0;
				TARGETED_DEVICE_FAMILY = "1,2";
			};
			name = Release;
		};
		73B9FA122E177ABD00AB78F9 /* Debug */ = {
			isa = XCBuildConfiguration;
			buildSettings = {
				CODE_SIGN_ENTITLEMENTS = ScreenTimeReportExtension/ScreenTimeReportExtension.entitlements;
				CODE_SIGN_IDENTITY = "Apple Development";
				CODE_SIGN_STYLE = Automatic;
				CURRENT_PROJECT_VERSION = 1;
				DEVELOPMENT_TEAM = RRUH56VA84;
				GENERATE_INFOPLIST_FILE = YES;
				INFOPLIST_FILE = ScreenTimeReportExtension/Info.plist;
				INFOPLIST_KEY_CFBundleDisplayName = ScreenTimeReportExtension;
				INFOPLIST_KEY_NSHumanReadableCopyright = "";
				LD_RUNPATH_SEARCH_PATHS = (
					"$(inherited)",
					"@executable_path/Frameworks",
					"@executable_path/../../Frameworks",
				);
				MARKETING_VERSION = 1.0;
				PRODUCT_BUNDLE_IDENTIFIER = com.azexpoglobe.ScreenTimeWidget.ScreenTimeReportExtension;
				PRODUCT_NAME = "$(TARGET_NAME)";
				SKIP_INSTALL = YES;
				SWIFT_EMIT_LOC_STRINGS = YES;
				SWIFT_VERSION = 5.0;
				TARGETED_DEVICE_FAMILY = "1,2";
			};
			name = Debug;
		};
		73B9FA132E177ABD00AB78F9 /* Release */ = {
			isa = XCBuildConfiguration;
			buildSettings = {
				CODE_SIGN_ENTITLEMENTS = ScreenTimeReportExtension/ScreenTimeReportExtension.entitlements;
				CODE_SIGN_IDENTITY = "Apple Development";
				CODE_SIGN_STYLE = Automatic;
				CURRENT_PROJECT_VERSION = 1;
				DEVELOPMENT_TEAM = RRUH56VA84;
				GENERATE_INFOPLIST_FILE = YES;
				INFOPLIST_FILE = ScreenTimeReportExtension/Info.plist;
				INFOPLIST_KEY_CFBundleDisplayName = ScreenTimeReportExtension;
				INFOPLIST_KEY_NSHumanReadableCopyright = "";
				LD_RUNPATH_SEARCH_PATHS = (
					"$(inherited)",
					"@executable_path/Frameworks",
					"@executable_path/../../Frameworks",
				);
				MARKETING_VERSION = 1.0;
				PRODUCT_BUNDLE_IDENTIFIER = com.azexpoglobe.ScreenTimeWidget.ScreenTimeReportExtension;
				PRODUCT_NAME = "$(TARGET_NAME)";
				SKIP_INSTALL = YES;
				SWIFT_EMIT_LOC_STRINGS = YES;
				SWIFT_VERSION = 5.0;
				TARGETED_DEVICE_FAMILY = "1,2";
			};
			name = Release;
		};
/* End XCBuildConfiguration section */

/* Begin XCConfigurationList section */
		73683C532E1744C600DB70E8 /* Build configuration list for PBXProject "ScreenTimeWidget" */ = {
			isa = XCConfigurationList;
			buildConfigurations = (
				73683C612E1744CA00DB70E8 /* Debug */,
				73683C622E1744CA00DB70E8 /* Release */,
			);
			defaultConfigurationIsVisible = 0;
			defaultConfigurationName = Release;
		};
		73683C632E1744CA00DB70E8 /* Build configuration list for PBXNativeTarget "ScreenTimeWidget" */ = {
			isa = XCConfigurationList;
			buildConfigurations = (
				73683C642E1744CA00DB70E8 /* Debug */,
				73683C652E1744CA00DB70E8 /* Release */,
			);
			defaultConfigurationIsVisible = 0;
			defaultConfigurationName = Release;
		};
		73B9F9FD2E17747500AB78F9 /* Build configuration list for PBXNativeTarget "ScreenTimeWidgetExtensionExtension" */ = {
			isa = XCConfigurationList;
			buildConfigurations = (
				73B9F9FA2E17747500AB78F9 /* Debug */,
				73B9F9FB2E17747500AB78F9 /* Release */,
			);
			defaultConfigurationIsVisible = 0;
			defaultConfigurationName = Release;
		};
		73B9FA112E177ABD00AB78F9 /* Build configuration list for PBXNativeTarget "ScreenTimeReportExtension" */ = {
			isa = XCConfigurationList;
			buildConfigurations = (
				73B9FA122E177ABD00AB78F9 /* Debug */,
				73B9FA132E177ABD00AB78F9 /* Release */,
			);
			defaultConfigurationIsVisible = 0;
			defaultConfigurationName = Release;
		};
/* End XCConfigurationList section */
	};
	rootObject = 73683C502E1744C600DB70E8 /* Project object */;
}
